
Microsoft Visual Studio Solution File, Format Version 12.00
# Visual Studio 15
VisualStudioVersion = 15.0.26124.0
MinimumVisualStudioVersion = 15.0.26124.0
Project("{FAE04EC0-301F-11D3-BF4B-00C04F79EFBC}") = "client", "client\client.csproj", "{92D7B6D3-4C2A-4E88-91E7-AB057E0B0861}"
EndProject
Project("{FAE04EC0-301F-11D3-BF4B-00C04F79EFBC}") = "backend", "backend\backend.csproj", "{4687F115-07E0-4873-9408-A4844711A437}"
EndProject
Project("{FAE04EC0-301F-11D3-BF4B-00C04F79EFBC}") = "fnapp", "fnapp\fnapp.csproj", "{0D94FED7-8C5B-437B-B94B-5659AE64F855}"
EndProject
Project("{FAE04EC0-301F-11D3-BF4B-00C04F79EFBC}") = "lib", "lib\lib.csproj", "{253EBFEC-DF87-4309-B764-354F01D7529D}"
EndProject
Project("{FAE04EC0-301F-11D3-BF4B-00C04F79EFBC}") = "fnapp.Tests", "fnapp.Tests\fnapp.Tests.csproj", "{8FF3368E-9D12-476C-9399-E56843A7EF1D}"
EndProject
Global
	GlobalSection(SolutionConfigurationPlatforms) = preSolution
		Debug|Any CPU = Debug|Any CPU
		Debug|x64 = Debug|x64
		Debug|x86 = Debug|x86
		Release|Any CPU = Release|Any CPU
		Release|x64 = Release|x64
		Release|x86 = Release|x86
	EndGlobalSection
	GlobalSection(SolutionProperties) = preSolution
		HideSolutionNode = FALSE
	EndGlobalSection
	GlobalSection(ProjectConfigurationPlatforms) = postSolution
		{92D7B6D3-4C2A-4E88-91E7-AB057E0B0861}.Debug|Any CPU.ActiveCfg = Debug|Any CPU
		{92D7B6D3-4C2A-4E88-91E7-AB057E0B0861}.Debug|Any CPU.Build.0 = Debug|Any CPU
		{92D7B6D3-4C2A-4E88-91E7-AB057E0B0861}.Debug|x64.ActiveCfg = Debug|Any CPU
		{92D7B6D3-4C2A-4E88-91E7-AB057E0B0861}.Debug|x64.Build.0 = Debug|Any CPU
		{92D7B6D3-4C2A-4E88-91E7-AB057E0B0861}.Debug|x86.ActiveCfg = Debug|Any CPU
		{92D7B6D3-4C2A-4E88-91E7-AB057E0B0861}.Debug|x86.Build.0 = Debug|Any CPU
		{92D7B6D3-4C2A-4E88-91E7-AB057E0B0861}.Release|Any CPU.ActiveCfg = Release|Any CPU
		{92D7B6D3-4C2A-4E88-91E7-AB057E0B0861}.Release|Any CPU.Build.0 = Release|Any CPU
		{92D7B6D3-4C2A-4E88-91E7-AB057E0B0861}.Release|x64.ActiveCfg = Release|Any CPU
		{92D7B6D3-4C2A-4E88-91E7-AB057E0B0861}.Release|x64.Build.0 = Release|Any CPU
		{92D7B6D3-4C2A-4E88-91E7-AB057E0B0861}.Release|x86.ActiveCfg = Release|Any CPU
		{92D7B6D3-4C2A-4E88-91E7-AB057E0B0861}.Release|x86.Build.0 = Release|Any CPU
		{4687F115-07E0-4873-9408-A4844711A437}.Debug|Any CPU.ActiveCfg = Debug|Any CPU
		{4687F115-07E0-4873-9408-A4844711A437}.Debug|Any CPU.Build.0 = Debug|Any CPU
		{4687F115-07E0-4873-9408-A4844711A437}.Debug|x64.ActiveCfg = Debug|Any CPU
		{4687F115-07E0-4873-9408-A4844711A437}.Debug|x64.Build.0 = Debug|Any CPU
		{4687F115-07E0-4873-9408-A4844711A437}.Debug|x86.ActiveCfg = Debug|Any CPU
		{4687F115-07E0-4873-9408-A4844711A437}.Debug|x86.Build.0 = Debug|Any CPU
		{4687F115-07E0-4873-9408-A4844711A437}.Release|Any CPU.ActiveCfg = Release|Any CPU
		{4687F115-07E0-4873-9408-A4844711A437}.Release|Any CPU.Build.0 = Release|Any CPU
		{4687F115-07E0-4873-9408-A4844711A437}.Release|x64.ActiveCfg = Release|Any CPU
		{4687F115-07E0-4873-9408-A4844711A437}.Release|x64.Build.0 = Release|Any CPU
		{4687F115-07E0-4873-9408-A4844711A437}.Release|x86.ActiveCfg = Release|Any CPU
		{4687F115-07E0-4873-9408-A4844711A437}.Release|x86.Build.0 = Release|Any CPU
		{0D94FED7-8C5B-437B-B94B-5659AE64F855}.Debug|Any CPU.ActiveCfg = Debug|Any CPU
		{0D94FED7-8C5B-437B-B94B-5659AE64F855}.Debug|Any CPU.Build.0 = Debug|Any CPU
		{0D94FED7-8C5B-437B-B94B-5659AE64F855}.Debug|x64.ActiveCfg = Debug|Any CPU
		{0D94FED7-8C5B-437B-B94B-5659AE64F855}.Debug|x64.Build.0 = Debug|Any CPU
		{0D94FED7-8C5B-437B-B94B-5659AE64F855}.Debug|x86.ActiveCfg = Debug|Any CPU
		{0D94FED7-8C5B-437B-B94B-5659AE64F855}.Debug|x86.Build.0 = Debug|Any CPU
		{0D94FED7-8C5B-437B-B94B-5659AE64F855}.Release|Any CPU.ActiveCfg = Release|Any CPU
		{0D94FED7-8C5B-437B-B94B-5659AE64F855}.Release|Any CPU.Build.0 = Release|Any CPU
		{0D94FED7-8C5B-437B-B94B-5659AE64F855}.Release|x64.ActiveCfg = Release|Any CPU
		{0D94FED7-8C5B-437B-B94B-5659AE64F855}.Release|x64.Build.0 = Release|Any CPU
		{0D94FED7-8C5B-437B-B94B-5659AE64F855}.Release|x86.ActiveCfg = Release|Any CPU
		{0D94FED7-8C5B-437B-B94B-5659AE64F855}.Release|x86.Build.0 = Release|Any CPU
		{253EBFEC-DF87-4309-B764-354F01D7529D}.Debug|Any CPU.ActiveCfg = Debug|Any CPU
		{253EBFEC-DF87-4309-B764-354F01D7529D}.Debug|Any CPU.Build.0 = Debug|Any CPU
		{253EBFEC-DF87-4309-B764-354F01D7529D}.Debug|x64.ActiveCfg = Debug|Any CPU
		{253EBFEC-DF87-4309-B764-354F01D7529D}.Debug|x64.Build.0 = Debug|Any CPU
		{253EBFEC-DF87-4309-B764-354F01D7529D}.Debug|x86.ActiveCfg = Debug|Any CPU
		{253EBFEC-DF87-4309-B764-354F01D7529D}.Debug|x86.Build.0 = Debug|Any CPU
		{253EBFEC-DF87-4309-B764-354F01D7529D}.Release|Any CPU.ActiveCfg = Release|Any CPU
		{253EBFEC-DF87-4309-B764-354F01D7529D}.Release|Any CPU.Build.0 = Release|Any CPU
		{253EBFEC-DF87-4309-B764-354F01D7529D}.Release|x64.ActiveCfg = Release|Any CPU
		{253EBFEC-DF87-4309-B764-354F01D7529D}.Release|x64.Build.0 = Release|Any CPU
		{253EBFEC-DF87-4309-B764-354F01D7529D}.Release|x86.ActiveCfg = Release|Any CPU
		{253EBFEC-DF87-4309-B764-354F01D7529D}.Release|x86.Build.0 = Release|Any CPU
		{8FF3368E-9D12-476C-9399-E56843A7EF1D}.Debug|Any CPU.ActiveCfg = Debug|Any CPU
		{8FF3368E-9D12-476C-9399-E56843A7EF1D}.Debug|Any CPU.Build.0 = Debug|Any CPU
		{8FF3368E-9D12-476C-9399-E56843A7EF1D}.Debug|x64.ActiveCfg = Debug|Any CPU
		{8FF3368E-9D12-476C-9399-E56843A7EF1D}.Debug|x64.Build.0 = Debug|Any CPU
		{8FF3368E-9D12-476C-9399-E56843A7EF1D}.Debug|x86.ActiveCfg = Debug|Any CPU
		{8FF3368E-9D12-476C-9399-E56843A7EF1D}.Debug|x86.Build.0 = Debug|Any CPU
		{8FF3368E-9D12-476C-9399-E56843A7EF1D}.Release|Any CPU.ActiveCfg = Release|Any CPU
		{8FF3368E-9D12-476C-9399-E56843A7EF1D}.Release|Any CPU.Build.0 = Release|Any CPU
		{8FF3368E-9D12-476C-9399-E56843A7EF1D}.Release|x64.ActiveCfg = Release|Any CPU
		{8FF3368E-9D12-476C-9399-E56843A7EF1D}.Release|x64.Build.0 = Release|Any CPU
		{8FF3368E-9D12-476C-9399-E56843A7EF1D}.Release|x86.ActiveCfg = Release|Any CPU
		{8FF3368E-9D12-476C-9399-E56843A7EF1D}.Release|x86.Build.0 = Release|Any CPU
	EndGlobalSection
EndGlobal
